
Microsoft Visual Studio Solution File, Format Version 12.00
# Visual Studio Version 16
VisualStudioVersion = 16.0.30907.101
MinimumVisualStudioVersion = 10.0.40219.1
Project("{FAE04EC0-301F-11D3-BF4B-00C04F79EFBC}") = "Projekt2", "Projekt2\Projekt2.csproj", "{F1588882-DFBC-4B61-B8C9-15EE0D404FAE}"
EndProject
Global
	GlobalSection(SolutionConfigurationPlatforms) = preSolution
		Debug|Any CPU = Debug|Any CPU
		Release|Any CPU = Release|Any CPU
	EndGlobalSection
	GlobalSection(ProjectConfigurationPlatforms) = postSolution
		{F1588882-DFBC-4B61-B8C9-15EE0D404FAE}.Debug|Any CPU.ActiveCfg = Debug|Any CPU
		{F1588882-DFBC-4B61-B8C9-15EE0D404FAE}.Debug|Any CPU.Build.0 = Debug|Any CPU
		{F1588882-DFBC-4B61-B8C9-15EE0D404FAE}.Release|Any CPU.ActiveCfg = Release|Any CPU
		{F1588882-DFBC-4B61-B8C9-15EE0D404FAE}.Release|Any CPU.Build.0 = Release|Any CPU
	EndGlobalSection
	GlobalSection(SolutionProperties) = preSolution
		HideSolutionNode = FALSE
	EndGlobalSection
	GlobalSection(ExtensibilityGlobals) = postSolution
		SolutionGuid = {69BB4C4B-D953-4DB9-9020-42D423109F32}
	EndGlobalSection
EndGlobal
